
Microsoft Visual Studio Solution File, Format Version 12.00
Project("{FAE04EC0-301F-11D3-BF4B-00C04F79EFBC}") = "MasterMind", "MasterMind\MasterMind.csproj", "{6E34218E-E155-4E3C-B82C-08C57FA13D36}"
EndProject
Project("{FAE04EC0-301F-11D3-BF4B-00C04F79EFBC}") = "MasterMind.Tests", "MasterMind.Tests\MasterMind.Tests.csproj", "{72F0C4B4-E776-4DF3-B3FD-D25B4F05FA3F}"
EndProject
Global
	GlobalSection(SolutionConfigurationPlatforms) = preSolution
		Debug|Any CPU = Debug|Any CPU
		Release|Any CPU = Release|Any CPU
	EndGlobalSection
	GlobalSection(ProjectConfigurationPlatforms) = postSolution
		{6E34218E-E155-4E3C-B82C-08C57FA13D36}.Debug|Any CPU.ActiveCfg = Debug|Any CPU
		{6E34218E-E155-4E3C-B82C-08C57FA13D36}.Debug|Any CPU.Build.0 = Debug|Any CPU
		{6E34218E-E155-4E3C-B82C-08C57FA13D36}.Release|Any CPU.ActiveCfg = Release|Any CPU
		{6E34218E-E155-4E3C-B82C-08C57FA13D36}.Release|Any CPU.Build.0 = Release|Any CPU
		{72F0C4B4-E776-4DF3-B3FD-D25B4F05FA3F}.Debug|Any CPU.ActiveCfg = Debug|Any CPU
		{72F0C4B4-E776-4DF3-B3FD-D25B4F05FA3F}.Debug|Any CPU.Build.0 = Debug|Any CPU
		{72F0C4B4-E776-4DF3-B3FD-D25B4F05FA3F}.Release|Any CPU.ActiveCfg = Release|Any CPU
		{72F0C4B4-E776-4DF3-B3FD-D25B4F05FA3F}.Release|Any CPU.Build.0 = Release|Any CPU
	EndGlobalSection
EndGlobal
